
Microsoft Visual Studio Solution File, Format Version 12.00
# Visual Studio Version 16
VisualStudioVersion = 16.0.33529.622
MinimumVisualStudioVersion = 10.0.40219.1
Project("{FAE04EC0-301F-11D3-BF4B-00C04F79EFBC}") = "joculet info", "joculet info\joculet info.csproj", "{59E111F9-44B5-4CA8-8437-94FAE9160524}"
EndProject
Global
	GlobalSection(SolutionConfigurationPlatforms) = preSolution
		Debug|Any CPU = Debug|Any CPU
		Release|Any CPU = Release|Any CPU
	EndGlobalSection
	GlobalSection(ProjectConfigurationPlatforms) = postSolution
		{59E111F9-44B5-4CA8-8437-94FAE9160524}.Debug|Any CPU.ActiveCfg = Debug|Any CPU
		{59E111F9-44B5-4CA8-8437-94FAE9160524}.Debug|Any CPU.Build.0 = Debug|Any CPU
		{59E111F9-44B5-4CA8-8437-94FAE9160524}.Release|Any CPU.ActiveCfg = Release|Any CPU
		{59E111F9-44B5-4CA8-8437-94FAE9160524}.Release|Any CPU.Build.0 = Release|Any CPU
	EndGlobalSection
	GlobalSection(SolutionProperties) = preSolution
		HideSolutionNode = FALSE
	EndGlobalSection
	GlobalSection(ExtensibilityGlobals) = postSolution
		SolutionGuid = {32BC3D28-BEDC-4AEF-82E0-8C06026BDB59}
	EndGlobalSection
EndGlobal
